
Microsoft Visual Studio Solution File, Format Version 12.00
# Visual Studio 15
VisualStudioVersion = 15.0.27004.2005
MinimumVisualStudioVersion = 10.0.40219.1
Project("{FAE04EC0-301F-11D3-BF4B-00C04F79EFBC}") = "PucksAndProgramming.Common", "Common\AlwaysMoveForward.Common\PucksAndProgramming.Common.csproj", "{600387A0-6903-47FD-AA6C-9ADF4CFE491E}"
EndProject
Project("{FAE04EC0-301F-11D3-BF4B-00C04F79EFBC}") = "PucksAndProgrammingCommon.DataLayer.NHibernate", "Common\DataLayer.NHibernate\PucksAndProgrammingCommon.DataLayer.NHibernate.csproj", "{F9803443-3ED7-4FB4-B758-5D3419983163}"
EndProject
Project("{FAE04EC0-301F-11D3-BF4B-00C04F79EFBC}") = "PucksAndProgrammingCommon.Tools.EncryptionUtility", "Common\Tools\EncryptionUtility\PucksAndProgrammingCommon.Tools.EncryptionUtility.csproj", "{B08E997D-6C92-414E-A4DE-31D80AA2C718}"
EndProject
Project("{FAE04EC0-301F-11D3-BF4B-00C04F79EFBC}") = "PucksAndProgramming.MainSite", "MainSite\PucksAndProgramming.MainSite.csproj", "{AC07908D-D7FA-49CF-A229-6A6675A3CD13}"
EndProject
Global
	GlobalSection(SolutionConfigurationPlatforms) = preSolution
		Debug|Any CPU = Debug|Any CPU
		Release|Any CPU = Release|Any CPU
	EndGlobalSection
	GlobalSection(ProjectConfigurationPlatforms) = postSolution
		{600387A0-6903-47FD-AA6C-9ADF4CFE491E}.Debug|Any CPU.ActiveCfg = Debug|Any CPU
		{600387A0-6903-47FD-AA6C-9ADF4CFE491E}.Debug|Any CPU.Build.0 = Debug|Any CPU
		{600387A0-6903-47FD-AA6C-9ADF4CFE491E}.Release|Any CPU.ActiveCfg = Release|Any CPU
		{600387A0-6903-47FD-AA6C-9ADF4CFE491E}.Release|Any CPU.Build.0 = Release|Any CPU
		{F9803443-3ED7-4FB4-B758-5D3419983163}.Debug|Any CPU.ActiveCfg = Debug|Any CPU
		{F9803443-3ED7-4FB4-B758-5D3419983163}.Debug|Any CPU.Build.0 = Debug|Any CPU
		{F9803443-3ED7-4FB4-B758-5D3419983163}.Release|Any CPU.ActiveCfg = Release|Any CPU
		{F9803443-3ED7-4FB4-B758-5D3419983163}.Release|Any CPU.Build.0 = Release|Any CPU
		{B08E997D-6C92-414E-A4DE-31D80AA2C718}.Debug|Any CPU.ActiveCfg = Debug|Any CPU
		{B08E997D-6C92-414E-A4DE-31D80AA2C718}.Debug|Any CPU.Build.0 = Debug|Any CPU
		{B08E997D-6C92-414E-A4DE-31D80AA2C718}.Release|Any CPU.ActiveCfg = Release|Any CPU
		{B08E997D-6C92-414E-A4DE-31D80AA2C718}.Release|Any CPU.Build.0 = Release|Any CPU
		{AC07908D-D7FA-49CF-A229-6A6675A3CD13}.Debug|Any CPU.ActiveCfg = Debug|Any CPU
		{AC07908D-D7FA-49CF-A229-6A6675A3CD13}.Debug|Any CPU.Build.0 = Debug|Any CPU
		{AC07908D-D7FA-49CF-A229-6A6675A3CD13}.Release|Any CPU.ActiveCfg = Release|Any CPU
		{AC07908D-D7FA-49CF-A229-6A6675A3CD13}.Release|Any CPU.Build.0 = Release|Any CPU
	EndGlobalSection
	GlobalSection(SolutionProperties) = preSolution
		HideSolutionNode = FALSE
	EndGlobalSection
	GlobalSection(ExtensibilityGlobals) = postSolution
		SolutionGuid = {CBF6DEFF-41DF-4B6E-B15C-35934C8AD7D4}
	EndGlobalSection
EndGlobal
